
Microsoft Visual Studio Solution File, Format Version 12.00
# Visual Studio Version 17
VisualStudioVersion = 17.14.36414.22 d17.14
MinimumVisualStudioVersion = 10.0.40219.1
Project("{FAE04EC0-301F-11D3-BF4B-00C04F79EFBC}") = "ASP.NETCoreRazorPagesMovieApp", "ASP.NETCoreRazorPagesMovieApp.csproj", "{7A718662-566D-4827-B708-3924047D08AA}"
EndProject
Global
	GlobalSection(SolutionConfigurationPlatforms) = preSolution
		Debug|Any CPU = Debug|Any CPU
		Release|Any CPU = Release|Any CPU
	EndGlobalSection
	GlobalSection(ProjectConfigurationPlatforms) = postSolution
		{7A718662-566D-4827-B708-3924047D08AA}.Debug|Any CPU.ActiveCfg = Debug|Any CPU
		{7A718662-566D-4827-B708-3924047D08AA}.Debug|Any CPU.Build.0 = Debug|Any CPU
		{7A718662-566D-4827-B708-3924047D08AA}.Release|Any CPU.ActiveCfg = Release|Any CPU
		{7A718662-566D-4827-B708-3924047D08AA}.Release|Any CPU.Build.0 = Release|Any CPU
	EndGlobalSection
	GlobalSection(SolutionProperties) = preSolution
		HideSolutionNode = FALSE
	EndGlobalSection
	GlobalSection(ExtensibilityGlobals) = postSolution
		SolutionGuid = {30853F8D-48D3-49A0-AA97-48CF4D0CDE87}
	EndGlobalSection
EndGlobal
